
Microsoft Visual Studio Solution File, Format Version 12.00
# Visual Studio Version 17
VisualStudioVersion = 17.5.33414.496
MinimumVisualStudioVersion = 10.0.40219.1
Project("{9A19103F-16F7-4668-BE54-9A1E7A4F7556}") = "CarPartsAPI", "CarPartsAPI.csproj", "{F2AC9A30-0948-44F8-A2C4-D033750CD22F}"
EndProject
Project("{9A19103F-16F7-4668-BE54-9A1E7A4F7556}") = "DataBaseAcces", "..\DataBaseAcces\DataBaseAcces.csproj", "{E481C563-F28C-4202-9328-8C7526F2B811}"
EndProject
Global
	GlobalSection(SolutionConfigurationPlatforms) = preSolution
		Debug|Any CPU = Debug|Any CPU
		Release|Any CPU = Release|Any CPU
	EndGlobalSection
	GlobalSection(ProjectConfigurationPlatforms) = postSolution
		{F2AC9A30-0948-44F8-A2C4-D033750CD22F}.Debug|Any CPU.ActiveCfg = Debug|Any CPU
		{F2AC9A30-0948-44F8-A2C4-D033750CD22F}.Debug|Any CPU.Build.0 = Debug|Any CPU
		{F2AC9A30-0948-44F8-A2C4-D033750CD22F}.Release|Any CPU.ActiveCfg = Release|Any CPU
		{F2AC9A30-0948-44F8-A2C4-D033750CD22F}.Release|Any CPU.Build.0 = Release|Any CPU
		{E481C563-F28C-4202-9328-8C7526F2B811}.Debug|Any CPU.ActiveCfg = Debug|Any CPU
		{E481C563-F28C-4202-9328-8C7526F2B811}.Debug|Any CPU.Build.0 = Debug|Any CPU
		{E481C563-F28C-4202-9328-8C7526F2B811}.Release|Any CPU.ActiveCfg = Release|Any CPU
		{E481C563-F28C-4202-9328-8C7526F2B811}.Release|Any CPU.Build.0 = Release|Any CPU
	EndGlobalSection
	GlobalSection(SolutionProperties) = preSolution
		HideSolutionNode = FALSE
	EndGlobalSection
	GlobalSection(ExtensibilityGlobals) = postSolution
		SolutionGuid = {91C56D3D-C952-4E4A-8DE5-0647DF6AA01B}
	EndGlobalSection
EndGlobal
